// !$*UTF8*$!
{
	archiveVersion = 1;
	classes = {
	};
	objectVersion = 56;
	objects = {

/* Begin PBXBuildFile section */
		EA0B322A2BC848E400723D1E /* AuthorizationRequest.swift in Sources */ = {isa = PBXBuildFile; fileRef = EA0B32292BC848E400723D1E /* AuthorizationRequest.swift */; };
		EA0B322E2BC856FB00723D1E /* UIViewControllerExtension.swift in Sources */ = {isa = PBXBuildFile; fileRef = EA0B322D2BC856FB00723D1E /* UIViewControllerExtension.swift */; };
		EA0B32302BC857BA00723D1E /* Validator.swift in Sources */ = {isa = PBXBuildFile; fileRef = EA0B322F2BC857BA00723D1E /* Validator.swift */; };
		EA20AD812B863A5300F6D33D /* AppDelegate.swift in Sources */ = {isa = PBXBuildFile; fileRef = EA20AD802B863A5300F6D33D /* AppDelegate.swift */; };
		EA20AD832B863A5300F6D33D /* SceneDelegate.swift in Sources */ = {isa = PBXBuildFile; fileRef = EA20AD822B863A5300F6D33D /* SceneDelegate.swift */; };
		EA20AD8A2B863A5600F6D33D /* Assets.xcassets in Resources */ = {isa = PBXBuildFile; fileRef = EA20AD892B863A5600F6D33D /* Assets.xcassets */; };
		EA20AD8D2B863A5600F6D33D /* LaunchScreen.storyboard in Resources */ = {isa = PBXBuildFile; fileRef = EA20AD8B2B863A5600F6D33D /* LaunchScreen.storyboard */; };
		EA20AD962B863E0E00F6D33D /* TabbarController.swift in Sources */ = {isa = PBXBuildFile; fileRef = EA20AD952B863E0E00F6D33D /* TabbarController.swift */; };
		EA20AD992B863FBA00F6D33D /* WeightViewController.swift in Sources */ = {isa = PBXBuildFile; fileRef = EA20AD982B863FBA00F6D33D /* WeightViewController.swift */; };
		EA20AD9B2B86407600F6D33D /* WeightPresenter.swift in Sources */ = {isa = PBXBuildFile; fileRef = EA20AD9A2B86407600F6D33D /* WeightPresenter.swift */; };
		EA20AD9D2B86414F00F6D33D /* WeightModuleBuilder.swift in Sources */ = {isa = PBXBuildFile; fileRef = EA20AD9C2B86414F00F6D33D /* WeightModuleBuilder.swift */; };
		EA20AD9F2B8641EE00F6D33D /* WeightStoryboard.storyboard in Resources */ = {isa = PBXBuildFile; fileRef = EA20AD9E2B8641EE00F6D33D /* WeightStoryboard.storyboard */; };
		EA20ADA22B8645E100F6D33D /* SettingsViewController.swift in Sources */ = {isa = PBXBuildFile; fileRef = EA20ADA12B8645E100F6D33D /* SettingsViewController.swift */; };
		EA20ADA42B86467600F6D33D /* SettingsStoryboard.storyboard in Resources */ = {isa = PBXBuildFile; fileRef = EA20ADA32B86467600F6D33D /* SettingsStoryboard.storyboard */; };
		EA20ADA62B8646B400F6D33D /* SettingsPresenter.swift in Sources */ = {isa = PBXBuildFile; fileRef = EA20ADA52B8646B400F6D33D /* SettingsPresenter.swift */; };
		EA20ADA82B86476900F6D33D /* SettingsModuleBuilder.swift in Sources */ = {isa = PBXBuildFile; fileRef = EA20ADA72B86476900F6D33D /* SettingsModuleBuilder.swift */; };
		EA2853542BD2885600A928F3 /* RefreshTokenManager.swift in Sources */ = {isa = PBXBuildFile; fileRef = EA2853532BD2885600A928F3 /* RefreshTokenManager.swift */; };
		EA2853562BD28FBA00A928F3 /* WeightModel.swift in Sources */ = {isa = PBXBuildFile; fileRef = EA2853552BD28FBA00A928F3 /* WeightModel.swift */; };
		EA2853592BD5235300A928F3 /* DGCharts in Frameworks */ = {isa = PBXBuildFile; productRef = EA2853582BD5235300A928F3 /* DGCharts */; };
		EA3FBDBC2BAD8BEC00D17230 /* WhiteBorderButton.swift in Sources */ = {isa = PBXBuildFile; fileRef = EA3FBDBB2BAD8BEC00D17230 /* WhiteBorderButton.swift */; };
		EA3FBDBE2BAD927A00D17230 /* SettingsContentModel.swift in Sources */ = {isa = PBXBuildFile; fileRef = EA3FBDBD2BAD927A00D17230 /* SettingsContentModel.swift */; };
		EA3FBDC22BAD985100D17230 /* SettingsTableViewCell.swift in Sources */ = {isa = PBXBuildFile; fileRef = EA3FBDC02BAD985100D17230 /* SettingsTableViewCell.swift */; };
		EA3FBDC32BAD985100D17230 /* SettingsTableViewCell.xib in Resources */ = {isa = PBXBuildFile; fileRef = EA3FBDC12BAD985100D17230 /* SettingsTableViewCell.xib */; };
		EA4B31112BD53BA000FF1E84 /* Chart.swift in Sources */ = {isa = PBXBuildFile; fileRef = EA4B31102BD53BA000FF1E84 /* Chart.swift */; };
		EA4B31142BD56F0B00FF1E84 /* ForgotPasswordViewController.swift in Sources */ = {isa = PBXBuildFile; fileRef = EA4B31132BD56F0B00FF1E84 /* ForgotPasswordViewController.swift */; };
		EA4B31162BD56F3E00FF1E84 /* ForgotPasswordStoryboard.storyboard in Resources */ = {isa = PBXBuildFile; fileRef = EA4B31152BD56F3E00FF1E84 /* ForgotPasswordStoryboard.storyboard */; };
		EA4B31182BD5700A00FF1E84 /* ForgotPasswordPresenter.swift in Sources */ = {isa = PBXBuildFile; fileRef = EA4B31172BD5700A00FF1E84 /* ForgotPasswordPresenter.swift */; };
		EA4B311A2BD5711B00FF1E84 /* ForgotPasswordModuleBuilder.swift in Sources */ = {isa = PBXBuildFile; fileRef = EA4B31192BD5711B00FF1E84 /* ForgotPasswordModuleBuilder.swift */; };
		EA4B311D2BD5B54F00FF1E84 /* AdviceViewController.swift in Sources */ = {isa = PBXBuildFile; fileRef = EA4B311C2BD5B54F00FF1E84 /* AdviceViewController.swift */; };
		EA4B31212BD5B5D900FF1E84 /* AdvicePresenter.swift in Sources */ = {isa = PBXBuildFile; fileRef = EA4B31202BD5B5D900FF1E84 /* AdvicePresenter.swift */; };
		EA4B31232BD5B70100FF1E84 /* AdviceModuleBuilder.swift in Sources */ = {isa = PBXBuildFile; fileRef = EA4B31222BD5B70100FF1E84 /* AdviceModuleBuilder.swift */; };
		EA4B31252BD5B84D00FF1E84 /* AdviceStoryboard.storyboard in Resources */ = {isa = PBXBuildFile; fileRef = EA4B31242BD5B84D00FF1E84 /* AdviceStoryboard.storyboard */; };
		EA5FDF9A2BD68B6E00B736AD /* Advice.swift in Sources */ = {isa = PBXBuildFile; fileRef = EA5FDF992BD68B6E00B736AD /* Advice.swift */; };
		EA5FDFA02BD6992A00B736AD /* AdviceTableViewCell.swift in Sources */ = {isa = PBXBuildFile; fileRef = EA5FDF9E2BD6992A00B736AD /* AdviceTableViewCell.swift */; };
		EA5FDFA12BD6992A00B736AD /* AdviceTableViewCell.xib in Resources */ = {isa = PBXBuildFile; fileRef = EA5FDF9F2BD6992A00B736AD /* AdviceTableViewCell.xib */; };
		EA5FDFA42BD69CE300B736AD /* AdviceDetailViewController.swift in Sources */ = {isa = PBXBuildFile; fileRef = EA5FDFA32BD69CE300B736AD /* AdviceDetailViewController.swift */; };
		EA5FDFA62BD69CEE00B736AD /* AdviceDetailPresenter.swift in Sources */ = {isa = PBXBuildFile; fileRef = EA5FDFA52BD69CEE00B736AD /* AdviceDetailPresenter.swift */; };
		EA5FDFA82BD69CFE00B736AD /* AdviceDetailModuleBuilder.swift in Sources */ = {isa = PBXBuildFile; fileRef = EA5FDFA72BD69CFE00B736AD /* AdviceDetailModuleBuilder.swift */; };
		EA5FDFAA2BD69D0800B736AD /* AdviceDetailStoryboard.storyboard in Resources */ = {isa = PBXBuildFile; fileRef = EA5FDFA92BD69D0800B736AD /* AdviceDetailStoryboard.storyboard */; };
		EA5FDFAD2BD6DEC300B736AD /* FirebaseAnalytics in Frameworks */ = {isa = PBXBuildFile; productRef = EA5FDFAC2BD6DEC300B736AD /* FirebaseAnalytics */; };
		EA5FDFAF2BD6DEC300B736AD /* FirebaseAnalyticsOnDeviceConversion in Frameworks */ = {isa = PBXBuildFile; productRef = EA5FDFAE2BD6DEC300B736AD /* FirebaseAnalyticsOnDeviceConversion */; };
		EA5FDFB12BD6DEC300B736AD /* FirebaseAnalyticsSwift in Frameworks */ = {isa = PBXBuildFile; productRef = EA5FDFB02BD6DEC300B736AD /* FirebaseAnalyticsSwift */; };
		EA5FDFB32BD6DEC300B736AD /* FirebaseAnalyticsWithoutAdIdSupport in Frameworks */ = {isa = PBXBuildFile; productRef = EA5FDFB22BD6DEC300B736AD /* FirebaseAnalyticsWithoutAdIdSupport */; };
		EA5FDFB52BD6DEDC00B736AD /* FirebaseManager.swift in Sources */ = {isa = PBXBuildFile; fileRef = EA5FDFB42BD6DEDC00B736AD /* FirebaseManager.swift */; };
		EA5FDFB72BD6E08A00B736AD /* GoogleService-Info.plist in Resources */ = {isa = PBXBuildFile; fileRef = EA5FDFB62BD6E08A00B736AD /* GoogleService-Info.plist */; };
		EAA8477E2BBDD50F0059E281 /* CreateAccountViewController.swift in Sources */ = {isa = PBXBuildFile; fileRef = EAA8477D2BBDD50F0059E281 /* CreateAccountViewController.swift */; };
		EAA847802BBDD57E0059E281 /* CreateAccountStoryboard.storyboard in Resources */ = {isa = PBXBuildFile; fileRef = EAA8477F2BBDD57D0059E281 /* CreateAccountStoryboard.storyboard */; };
		EAA847822BBDD5C20059E281 /* CreateAccountPresenter.swift in Sources */ = {isa = PBXBuildFile; fileRef = EAA847812BBDD5C20059E281 /* CreateAccountPresenter.swift */; };
		EAA847842BBDD8A70059E281 /* CreateAccountModuleBuilder.swift in Sources */ = {isa = PBXBuildFile; fileRef = EAA847832BBDD8A60059E281 /* CreateAccountModuleBuilder.swift */; };
		EAA8D1E72BB5B6810098B015 /* SignInViewController.swift in Sources */ = {isa = PBXBuildFile; fileRef = EAA8D1E62BB5B6810098B015 /* SignInViewController.swift */; };
		EAA8D1E92BB5B80D0098B015 /* SignInPresenter.swift in Sources */ = {isa = PBXBuildFile; fileRef = EAA8D1E82BB5B80D0098B015 /* SignInPresenter.swift */; };
		EAA8D1EB2BB5B8AA0098B015 /* SignInStoryboard.storyboard in Resources */ = {isa = PBXBuildFile; fileRef = EAA8D1EA2BB5B8AA0098B015 /* SignInStoryboard.storyboard */; };
		EAA8D1ED2BB5B8FD0098B015 /* SignInModuleBuilder.swift in Sources */ = {isa = PBXBuildFile; fileRef = EAA8D1EC2BB5B8FD0098B015 /* SignInModuleBuilder.swift */; };
		EAA8D1F02BB5BC470098B015 /* SplashViewController.swift in Sources */ = {isa = PBXBuildFile; fileRef = EAA8D1EF2BB5BC470098B015 /* SplashViewController.swift */; };
		EAA8D1F22BB5BCB00098B015 /* SplashStoryboard.storyboard in Resources */ = {isa = PBXBuildFile; fileRef = EAA8D1F12BB5BCB00098B015 /* SplashStoryboard.storyboard */; };
		EAA8D1F42BB5BCDE0098B015 /* SplashPresener.swift in Sources */ = {isa = PBXBuildFile; fileRef = EAA8D1F32BB5BCDE0098B015 /* SplashPresener.swift */; };
		EAA8D1F62BB5BDB20098B015 /* SplashModuleBuilder.swift in Sources */ = {isa = PBXBuildFile; fileRef = EAA8D1F52BB5BDB20098B015 /* SplashModuleBuilder.swift */; };
		EAC683BB2BCD6B910030FC3A /* AppFileManager.swift in Sources */ = {isa = PBXBuildFile; fileRef = EAC683BA2BCD6B910030FC3A /* AppFileManager.swift */; };
		EAC683BE2BCD70CD0030FC3A /* AddWeightViewController.swift in Sources */ = {isa = PBXBuildFile; fileRef = EAC683BD2BCD70CD0030FC3A /* AddWeightViewController.swift */; };
		EAC683C02BCD714C0030FC3A /* AddWeightStoryboard.storyboard in Resources */ = {isa = PBXBuildFile; fileRef = EAC683BF2BCD714C0030FC3A /* AddWeightStoryboard.storyboard */; };
		EAC683C22BCD72B50030FC3A /* AddWeightPresenter.swift in Sources */ = {isa = PBXBuildFile; fileRef = EAC683C12BCD72B50030FC3A /* AddWeightPresenter.swift */; };
		EAC683C42BCD738A0030FC3A /* AddWeightModuleBuilder.swift in Sources */ = {isa = PBXBuildFile; fileRef = EAC683C32BCD738A0030FC3A /* AddWeightModuleBuilder.swift */; };
/* End PBXBuildFile section */

/* Begin PBXFileReference section */
		EA0B32292BC848E400723D1E /* AuthorizationRequest.swift */ = {isa = PBXFileReference; lastKnownFileType = sourcecode.swift; path = AuthorizationRequest.swift; sourceTree = "<group>"; };
		EA0B322D2BC856FB00723D1E /* UIViewControllerExtension.swift */ = {isa = PBXFileReference; lastKnownFileType = sourcecode.swift; path = UIViewControllerExtension.swift; sourceTree = "<group>"; };
		EA0B322F2BC857BA00723D1E /* Validator.swift */ = {isa = PBXFileReference; lastKnownFileType = sourcecode.swift; path = Validator.swift; sourceTree = "<group>"; };
		EA20AD7D2B863A5300F6D33D /* HealthAssistant.app */ = {isa = PBXFileReference; explicitFileType = wrapper.application; includeInIndex = 0; path = HealthAssistant.app; sourceTree = BUILT_PRODUCTS_DIR; };
		EA20AD802B863A5300F6D33D /* AppDelegate.swift */ = {isa = PBXFileReference; lastKnownFileType = sourcecode.swift; path = AppDelegate.swift; sourceTree = "<group>"; };
		EA20AD822B863A5300F6D33D /* SceneDelegate.swift */ = {isa = PBXFileReference; lastKnownFileType = sourcecode.swift; path = SceneDelegate.swift; sourceTree = "<group>"; };
		EA20AD892B863A5600F6D33D /* Assets.xcassets */ = {isa = PBXFileReference; lastKnownFileType = folder.assetcatalog; path = Assets.xcassets; sourceTree = "<group>"; };
		EA20AD8C2B863A5600F6D33D /* Base */ = {isa = PBXFileReference; lastKnownFileType = file.storyboard; name = Base; path = Base.lproj/LaunchScreen.storyboard; sourceTree = "<group>"; };
		EA20AD8E2B863A5600F6D33D /* Info.plist */ = {isa = PBXFileReference; lastKnownFileType = text.plist.xml; path = Info.plist; sourceTree = "<group>"; };
		EA20AD952B863E0E00F6D33D /* TabbarController.swift */ = {isa = PBXFileReference; lastKnownFileType = sourcecode.swift; path = TabbarController.swift; sourceTree = "<group>"; };
		EA20AD982B863FBA00F6D33D /* WeightViewController.swift */ = {isa = PBXFileReference; lastKnownFileType = sourcecode.swift; path = WeightViewController.swift; sourceTree = "<group>"; };
		EA20AD9A2B86407600F6D33D /* WeightPresenter.swift */ = {isa = PBXFileReference; lastKnownFileType = sourcecode.swift; path = WeightPresenter.swift; sourceTree = "<group>"; };
		EA20AD9C2B86414F00F6D33D /* WeightModuleBuilder.swift */ = {isa = PBXFileReference; lastKnownFileType = sourcecode.swift; path = WeightModuleBuilder.swift; sourceTree = "<group>"; };
		EA20AD9E2B8641EE00F6D33D /* WeightStoryboard.storyboard */ = {isa = PBXFileReference; lastKnownFileType = file.storyboard; path = WeightStoryboard.storyboard; sourceTree = "<group>"; };
		EA20ADA12B8645E100F6D33D /* SettingsViewController.swift */ = {isa = PBXFileReference; lastKnownFileType = sourcecode.swift; path = SettingsViewController.swift; sourceTree = "<group>"; };
		EA20ADA32B86467600F6D33D /* SettingsStoryboard.storyboard */ = {isa = PBXFileReference; lastKnownFileType = file.storyboard; path = SettingsStoryboard.storyboard; sourceTree = "<group>"; };
		EA20ADA52B8646B400F6D33D /* SettingsPresenter.swift */ = {isa = PBXFileReference; lastKnownFileType = sourcecode.swift; path = SettingsPresenter.swift; sourceTree = "<group>"; };
		EA20ADA72B86476900F6D33D /* SettingsModuleBuilder.swift */ = {isa = PBXFileReference; lastKnownFileType = sourcecode.swift; path = SettingsModuleBuilder.swift; sourceTree = "<group>"; };
		EA2853532BD2885600A928F3 /* RefreshTokenManager.swift */ = {isa = PBXFileReference; lastKnownFileType = sourcecode.swift; path = RefreshTokenManager.swift; sourceTree = "<group>"; };
		EA2853552BD28FBA00A928F3 /* WeightModel.swift */ = {isa = PBXFileReference; lastKnownFileType = sourcecode.swift; path = WeightModel.swift; sourceTree = "<group>"; };
		EA3FBDBB2BAD8BEC00D17230 /* WhiteBorderButton.swift */ = {isa = PBXFileReference; lastKnownFileType = sourcecode.swift; path = WhiteBorderButton.swift; sourceTree = "<group>"; };
		EA3FBDBD2BAD927A00D17230 /* SettingsContentModel.swift */ = {isa = PBXFileReference; lastKnownFileType = sourcecode.swift; path = SettingsContentModel.swift; sourceTree = "<group>"; };
		EA3FBDC02BAD985100D17230 /* SettingsTableViewCell.swift */ = {isa = PBXFileReference; lastKnownFileType = sourcecode.swift; path = SettingsTableViewCell.swift; sourceTree = "<group>"; };
		EA3FBDC12BAD985100D17230 /* SettingsTableViewCell.xib */ = {isa = PBXFileReference; lastKnownFileType = file.xib; path = SettingsTableViewCell.xib; sourceTree = "<group>"; };
		EA4B31102BD53BA000FF1E84 /* Chart.swift */ = {isa = PBXFileReference; lastKnownFileType = sourcecode.swift; path = Chart.swift; sourceTree = "<group>"; };
		EA4B31132BD56F0B00FF1E84 /* ForgotPasswordViewController.swift */ = {isa = PBXFileReference; lastKnownFileType = sourcecode.swift; path = ForgotPasswordViewController.swift; sourceTree = "<group>"; };
		EA4B31152BD56F3E00FF1E84 /* ForgotPasswordStoryboard.storyboard */ = {isa = PBXFileReference; lastKnownFileType = file.storyboard; path = ForgotPasswordStoryboard.storyboard; sourceTree = "<group>"; };
		EA4B31172BD5700A00FF1E84 /* ForgotPasswordPresenter.swift */ = {isa = PBXFileReference; lastKnownFileType = sourcecode.swift; path = ForgotPasswordPresenter.swift; sourceTree = "<group>"; };
		EA4B31192BD5711B00FF1E84 /* ForgotPasswordModuleBuilder.swift */ = {isa = PBXFileReference; lastKnownFileType = sourcecode.swift; path = ForgotPasswordModuleBuilder.swift; sourceTree = "<group>"; };
		EA4B311C2BD5B54F00FF1E84 /* AdviceViewController.swift */ = {isa = PBXFileReference; lastKnownFileType = sourcecode.swift; path = AdviceViewController.swift; sourceTree = "<group>"; };
		EA4B31202BD5B5D900FF1E84 /* AdvicePresenter.swift */ = {isa = PBXFileReference; lastKnownFileType = sourcecode.swift; path = AdvicePresenter.swift; sourceTree = "<group>"; };
		EA4B31222BD5B70100FF1E84 /* AdviceModuleBuilder.swift */ = {isa = PBXFileReference; lastKnownFileType = sourcecode.swift; path = AdviceModuleBuilder.swift; sourceTree = "<group>"; };
		EA4B31242BD5B84D00FF1E84 /* AdviceStoryboard.storyboard */ = {isa = PBXFileReference; lastKnownFileType = file.storyboard; path = AdviceStoryboard.storyboard; sourceTree = "<group>"; };
		EA5FDF992BD68B6E00B736AD /* Advice.swift */ = {isa = PBXFileReference; lastKnownFileType = sourcecode.swift; path = Advice.swift; sourceTree = "<group>"; };
		EA5FDF9E2BD6992A00B736AD /* AdviceTableViewCell.swift */ = {isa = PBXFileReference; lastKnownFileType = sourcecode.swift; path = AdviceTableViewCell.swift; sourceTree = "<group>"; };
		EA5FDF9F2BD6992A00B736AD /* AdviceTableViewCell.xib */ = {isa = PBXFileReference; lastKnownFileType = file.xib; path = AdviceTableViewCell.xib; sourceTree = "<group>"; };
		EA5FDFA32BD69CE300B736AD /* AdviceDetailViewController.swift */ = {isa = PBXFileReference; lastKnownFileType = sourcecode.swift; path = AdviceDetailViewController.swift; sourceTree = "<group>"; };
		EA5FDFA52BD69CEE00B736AD /* AdviceDetailPresenter.swift */ = {isa = PBXFileReference; lastKnownFileType = sourcecode.swift; path = AdviceDetailPresenter.swift; sourceTree = "<group>"; };
		EA5FDFA72BD69CFE00B736AD /* AdviceDetailModuleBuilder.swift */ = {isa = PBXFileReference; lastKnownFileType = sourcecode.swift; path = AdviceDetailModuleBuilder.swift; sourceTree = "<group>"; };
		EA5FDFA92BD69D0800B736AD /* AdviceDetailStoryboard.storyboard */ = {isa = PBXFileReference; lastKnownFileType = file.storyboard; path = AdviceDetailStoryboard.storyboard; sourceTree = "<group>"; };
		EA5FDFB42BD6DEDC00B736AD /* FirebaseManager.swift */ = {isa = PBXFileReference; lastKnownFileType = sourcecode.swift; path = FirebaseManager.swift; sourceTree = "<group>"; };
		EA5FDFB62BD6E08A00B736AD /* GoogleService-Info.plist */ = {isa = PBXFileReference; fileEncoding = 4; lastKnownFileType = text.plist.xml; path = "GoogleService-Info.plist"; sourceTree = "<group>"; };
		EAA8477D2BBDD50F0059E281 /* CreateAccountViewController.swift */ = {isa = PBXFileReference; lastKnownFileType = sourcecode.swift; path = CreateAccountViewController.swift; sourceTree = "<group>"; };
		EAA8477F2BBDD57D0059E281 /* CreateAccountStoryboard.storyboard */ = {isa = PBXFileReference; lastKnownFileType = file.storyboard; path = CreateAccountStoryboard.storyboard; sourceTree = "<group>"; };
		EAA847812BBDD5C20059E281 /* CreateAccountPresenter.swift */ = {isa = PBXFileReference; lastKnownFileType = sourcecode.swift; path = CreateAccountPresenter.swift; sourceTree = "<group>"; };
		EAA847832BBDD8A60059E281 /* CreateAccountModuleBuilder.swift */ = {isa = PBXFileReference; lastKnownFileType = sourcecode.swift; path = CreateAccountModuleBuilder.swift; sourceTree = "<group>"; };
		EAA8D1E62BB5B6810098B015 /* SignInViewController.swift */ = {isa = PBXFileReference; lastKnownFileType = sourcecode.swift; path = SignInViewController.swift; sourceTree = "<group>"; };
		EAA8D1E82BB5B80D0098B015 /* SignInPresenter.swift */ = {isa = PBXFileReference; lastKnownFileType = sourcecode.swift; path = SignInPresenter.swift; sourceTree = "<group>"; };
		EAA8D1EA2BB5B8AA0098B015 /* SignInStoryboard.storyboard */ = {isa = PBXFileReference; lastKnownFileType = file.storyboard; path = SignInStoryboard.storyboard; sourceTree = "<group>"; };
		EAA8D1EC2BB5B8FD0098B015 /* SignInModuleBuilder.swift */ = {isa = PBXFileReference; lastKnownFileType = sourcecode.swift; path = SignInModuleBuilder.swift; sourceTree = "<group>"; };
		EAA8D1EF2BB5BC470098B015 /* SplashViewController.swift */ = {isa = PBXFileReference; lastKnownFileType = sourcecode.swift; path = SplashViewController.swift; sourceTree = "<group>"; };
		EAA8D1F12BB5BCB00098B015 /* SplashStoryboard.storyboard */ = {isa = PBXFileReference; lastKnownFileType = file.storyboard; path = SplashStoryboard.storyboard; sourceTree = "<group>"; };
		EAA8D1F32BB5BCDE0098B015 /* SplashPresener.swift */ = {isa = PBXFileReference; lastKnownFileType = sourcecode.swift; path = SplashPresener.swift; sourceTree = "<group>"; };
		EAA8D1F52BB5BDB20098B015 /* SplashModuleBuilder.swift */ = {isa = PBXFileReference; lastKnownFileType = sourcecode.swift; path = SplashModuleBuilder.swift; sourceTree = "<group>"; };
		EAC683BA2BCD6B910030FC3A /* AppFileManager.swift */ = {isa = PBXFileReference; lastKnownFileType = sourcecode.swift; path = AppFileManager.swift; sourceTree = "<group>"; };
		EAC683BD2BCD70CD0030FC3A /* AddWeightViewController.swift */ = {isa = PBXFileReference; lastKnownFileType = sourcecode.swift; path = AddWeightViewController.swift; sourceTree = "<group>"; };
		EAC683BF2BCD714C0030FC3A /* AddWeightStoryboard.storyboard */ = {isa = PBXFileReference; lastKnownFileType = file.storyboard; path = AddWeightStoryboard.storyboard; sourceTree = "<group>"; };
		EAC683C12BCD72B50030FC3A /* AddWeightPresenter.swift */ = {isa = PBXFileReference; lastKnownFileType = sourcecode.swift; path = AddWeightPresenter.swift; sourceTree = "<group>"; };
		EAC683C32BCD738A0030FC3A /* AddWeightModuleBuilder.swift */ = {isa = PBXFileReference; lastKnownFileType = sourcecode.swift; path = AddWeightModuleBuilder.swift; sourceTree = "<group>"; };
/* End PBXFileReference section */

/* Begin PBXFrameworksBuildPhase section */
		EA20AD7A2B863A5300F6D33D /* Frameworks */ = {
			isa = PBXFrameworksBuildPhase;
			buildActionMask = 2147483647;
			files = (
				EA5FDFB12BD6DEC300B736AD /* FirebaseAnalyticsSwift in Frameworks */,
				EA5FDFB32BD6DEC300B736AD /* FirebaseAnalyticsWithoutAdIdSupport in Frameworks */,
				EA5FDFAD2BD6DEC300B736AD /* FirebaseAnalytics in Frameworks */,
				EA5FDFAF2BD6DEC300B736AD /* FirebaseAnalyticsOnDeviceConversion in Frameworks */,
				EA2853592BD5235300A928F3 /* DGCharts in Frameworks */,
			);
			runOnlyForDeploymentPostprocessing = 0;
		};
/* End PBXFrameworksBuildPhase section */

/* Begin PBXGroup section */
		EA0B322B2BC8569E00723D1E /* Helpers */ = {
			isa = PBXGroup;
			children = (
				EA0B322F2BC857BA00723D1E /* Validator.swift */,
			);
			path = Helpers;
			sourceTree = "<group>";
		};
		EA0B322C2BC856CB00723D1E /* Extensions */ = {
			isa = PBXGroup;
			children = (
				EA0B322D2BC856FB00723D1E /* UIViewControllerExtension.swift */,
			);
			path = Extensions;
			sourceTree = "<group>";
		};
		EA20AD742B863A5300F6D33D = {
			isa = PBXGroup;
			children = (
				EA20AD7F2B863A5300F6D33D /* HealthAssistant */,
				EA20AD7E2B863A5300F6D33D /* Products */,
			);
			sourceTree = "<group>";
		};
		EA20AD7E2B863A5300F6D33D /* Products */ = {
			isa = PBXGroup;
			children = (
				EA20AD7D2B863A5300F6D33D /* HealthAssistant.app */,
			);
			name = Products;
			sourceTree = "<group>";
		};
		EA20AD7F2B863A5300F6D33D /* HealthAssistant */ = {
			isa = PBXGroup;
			children = (
				EA20AD802B863A5300F6D33D /* AppDelegate.swift */,
				EA20AD822B863A5300F6D33D /* SceneDelegate.swift */,
				EA2853522BD2882900A928F3 /* Shared */,
				EAA8D1EE2BB5BC210098B015 /* Splash */,
				EAB05D462BD9954A008B971E /* Authorization */,
				EA20AD942B863DE500F6D33D /* Tabbar */,
				EA20ADA02B8645B400F6D33D /* Settings */,
				EA20AD972B863F5A00F6D33D /* Weight */,
				EAC683BC2BCD70AF0030FC3A /* AddWheight */,
				EA4B311B2BD5B52F00FF1E84 /* Advice */,
				EA5FDFA22BD69CB700B736AD /* AdviceDetail */,
				EA3FBDBA2BAD8BC000D17230 /* UI */,
				EA0B322B2BC8569E00723D1E /* Helpers */,
				EA20AD892B863A5600F6D33D /* Assets.xcassets */,
				EA20AD8E2B863A5600F6D33D /* Info.plist */,
				EA5FDFB62BD6E08A00B736AD /* GoogleService-Info.plist */,
			);
			path = HealthAssistant;
			sourceTree = "<group>";
		};
		EA20AD942B863DE500F6D33D /* Tabbar */ = {
			isa = PBXGroup;
			children = (
				EA20AD952B863E0E00F6D33D /* TabbarController.swift */,
			);
			path = Tabbar;
			sourceTree = "<group>";
		};
		EA20AD972B863F5A00F6D33D /* Weight */ = {
			isa = PBXGroup;
			children = (
				EA20AD9C2B86414F00F6D33D /* WeightModuleBuilder.swift */,
				EA2853552BD28FBA00A928F3 /* WeightModel.swift */,
				EA20AD9A2B86407600F6D33D /* WeightPresenter.swift */,
				EA20AD982B863FBA00F6D33D /* WeightViewController.swift */,
				EA20AD9E2B8641EE00F6D33D /* WeightStoryboard.storyboard */,
				EA4B31102BD53BA000FF1E84 /* Chart.swift */,
			);
			path = Weight;
			sourceTree = "<group>";
		};
		EA20ADA02B8645B400F6D33D /* Settings */ = {
			isa = PBXGroup;
			children = (
				EA20ADA72B86476900F6D33D /* SettingsModuleBuilder.swift */,
				EA3FBDBD2BAD927A00D17230 /* SettingsContentModel.swift */,
				EA20ADA52B8646B400F6D33D /* SettingsPresenter.swift */,
				EA20ADA12B8645E100F6D33D /* SettingsViewController.swift */,
				EA20ADA32B86467600F6D33D /* SettingsStoryboard.storyboard */,
				EA3FBDBF2BAD982100D17230 /* SettingsTableViewCell */,
			);
			path = Settings;
			sourceTree = "<group>";
		};
		EA2853522BD2882900A928F3 /* Shared */ = {
			isa = PBXGroup;
			children = (
				EAC683BA2BCD6B910030FC3A /* AppFileManager.swift */,
				EA2853532BD2885600A928F3 /* RefreshTokenManager.swift */,
				EA5FDFB42BD6DEDC00B736AD /* FirebaseManager.swift */,
			);
			path = Shared;
			sourceTree = "<group>";
		};
		EA3FBDBA2BAD8BC000D17230 /* UI */ = {
			isa = PBXGroup;
			children = (
				EA3FBDBB2BAD8BEC00D17230 /* WhiteBorderButton.swift */,
				EA0B322C2BC856CB00723D1E /* Extensions */,
			);
			path = UI;
			sourceTree = "<group>";
		};
		EA3FBDBF2BAD982100D17230 /* SettingsTableViewCell */ = {
			isa = PBXGroup;
			children = (
				EA3FBDC02BAD985100D17230 /* SettingsTableViewCell.swift */,
				EA3FBDC12BAD985100D17230 /* SettingsTableViewCell.xib */,
			);
			path = SettingsTableViewCell;
			sourceTree = "<group>";
		};
		EA4B31122BD56ED800FF1E84 /* ForgotPassword */ = {
			isa = PBXGroup;
			children = (
				EA4B31192BD5711B00FF1E84 /* ForgotPasswordModuleBuilder.swift */,
				EA4B31172BD5700A00FF1E84 /* ForgotPasswordPresenter.swift */,
				EA4B31132BD56F0B00FF1E84 /* ForgotPasswordViewController.swift */,
				EA4B31152BD56F3E00FF1E84 /* ForgotPasswordStoryboard.storyboard */,
			);
			path = ForgotPassword;
			sourceTree = "<group>";
		};
		EA4B311B2BD5B52F00FF1E84 /* Advice */ = {
			isa = PBXGroup;
			children = (
				EA4B31222BD5B70100FF1E84 /* AdviceModuleBuilder.swift */,
				EA5FDF992BD68B6E00B736AD /* Advice.swift */,
				EA4B31202BD5B5D900FF1E84 /* AdvicePresenter.swift */,
				EA4B311C2BD5B54F00FF1E84 /* AdviceViewController.swift */,
				EA4B31242BD5B84D00FF1E84 /* AdviceStoryboard.storyboard */,
				EA5FDF9D2BD6990F00B736AD /* AdviceTableViewCell */,
			);
			path = Advice;
			sourceTree = "<group>";
		};
		EA5FDF9D2BD6990F00B736AD /* AdviceTableViewCell */ = {
			isa = PBXGroup;
			children = (
				EA5FDF9E2BD6992A00B736AD /* AdviceTableViewCell.swift */,
				EA5FDF9F2BD6992A00B736AD /* AdviceTableViewCell.xib */,
			);
			path = AdviceTableViewCell;
			sourceTree = "<group>";
		};
		EA5FDFA22BD69CB700B736AD /* AdviceDetail */ = {
			isa = PBXGroup;
			children = (
				EA5FDFA72BD69CFE00B736AD /* AdviceDetailModuleBuilder.swift */,
				EA5FDFA52BD69CEE00B736AD /* AdviceDetailPresenter.swift */,
				EA5FDFA32BD69CE300B736AD /* AdviceDetailViewController.swift */,
				EA5FDFA92BD69D0800B736AD /* AdviceDetailStoryboard.storyboard */,
			);
			path = AdviceDetail;
			sourceTree = "<group>";
		};
		EAA8477C2BBDD4D00059E281 /* CreateAccount */ = {
			isa = PBXGroup;
			children = (
				EAA847832BBDD8A60059E281 /* CreateAccountModuleBuilder.swift */,
				EAA847812BBDD5C20059E281 /* CreateAccountPresenter.swift */,
				EAA8477D2BBDD50F0059E281 /* CreateAccountViewController.swift */,
				EAA8477F2BBDD57D0059E281 /* CreateAccountStoryboard.storyboard */,
			);
			path = CreateAccount;
			sourceTree = "<group>";
		};
		EAA8D1E52BB5B6680098B015 /* SignIn */ = {
			isa = PBXGroup;
			children = (
				EAA8D1EC2BB5B8FD0098B015 /* SignInModuleBuilder.swift */,
				EAA8D1E82BB5B80D0098B015 /* SignInPresenter.swift */,
				EAA8D1E62BB5B6810098B015 /* SignInViewController.swift */,
				EAA8D1EA2BB5B8AA0098B015 /* SignInStoryboard.storyboard */,
			);
			path = SignIn;
			sourceTree = "<group>";
		};
		EAA8D1EE2BB5BC210098B015 /* Splash */ = {
			isa = PBXGroup;
			children = (
				EAA8D1F52BB5BDB20098B015 /* SplashModuleBuilder.swift */,
				EAA8D1F32BB5BCDE0098B015 /* SplashPresener.swift */,
				EAA8D1EF2BB5BC470098B015 /* SplashViewController.swift */,
				EAA8D1F12BB5BCB00098B015 /* SplashStoryboard.storyboard */,
				EA20AD8B2B863A5600F6D33D /* LaunchScreen.storyboard */,
			);
			path = Splash;
			sourceTree = "<group>";
		};
		EAB05D462BD9954A008B971E /* Authorization */ = {
			isa = PBXGroup;
			children = (
				EA0B32292BC848E400723D1E /* AuthorizationRequest.swift */,
				EAA8477C2BBDD4D00059E281 /* CreateAccount */,
				EAA8D1E52BB5B6680098B015 /* SignIn */,
				EA4B31122BD56ED800FF1E84 /* ForgotPassword */,
			);
			path = Authorization;
			sourceTree = "<group>";
		};
		EAC683BC2BCD70AF0030FC3A /* AddWheight */ = {
			isa = PBXGroup;
			children = (
				EAC683C32BCD738A0030FC3A /* AddWeightModuleBuilder.swift */,
				EAC683C12BCD72B50030FC3A /* AddWeightPresenter.swift */,
				EAC683BD2BCD70CD0030FC3A /* AddWeightViewController.swift */,
				EAC683BF2BCD714C0030FC3A /* AddWeightStoryboard.storyboard */,
			);
			path = AddWheight;
			sourceTree = "<group>";
		};
/* End PBXGroup section */

/* Begin PBXNativeTarget section */
		EA20AD7C2B863A5300F6D33D /* HealthAssistant */ = {
			isa = PBXNativeTarget;
			buildConfigurationList = EA20AD912B863A5600F6D33D /* Build configuration list for PBXNativeTarget "HealthAssistant" */;
			buildPhases = (
				EA20AD792B863A5300F6D33D /* Sources */,
				EA20AD7A2B863A5300F6D33D /* Frameworks */,
				EA20AD7B2B863A5300F6D33D /* Resources */,
			);
			buildRules = (
			);
			dependencies = (
			);
			name = HealthAssistant;
			packageProductDependencies = (
				EA2853582BD5235300A928F3 /* DGCharts */,
				EA5FDFAC2BD6DEC300B736AD /* FirebaseAnalytics */,
				EA5FDFAE2BD6DEC300B736AD /* FirebaseAnalyticsOnDeviceConversion */,
				EA5FDFB02BD6DEC300B736AD /* FirebaseAnalyticsSwift */,
				EA5FDFB22BD6DEC300B736AD /* FirebaseAnalyticsWithoutAdIdSupport */,
			);
			productName = HealthAssistant;
			productReference = EA20AD7D2B863A5300F6D33D /* HealthAssistant.app */;
			productType = "com.apple.product-type.application";
		};
/* End PBXNativeTarget section */

/* Begin PBXProject section */
		EA20AD752B863A5300F6D33D /* Project object */ = {
			isa = PBXProject;
			attributes = {
				BuildIndependentTargetsInParallel = 1;
				LastSwiftUpdateCheck = 1430;
				LastUpgradeCheck = 1430;
				TargetAttributes = {
					EA20AD7C2B863A5300F6D33D = {
						CreatedOnToolsVersion = 14.3;
					};
				};
			};
			buildConfigurationList = EA20AD782B863A5300F6D33D /* Build configuration list for PBXProject "HealthAssistant" */;
			compatibilityVersion = "Xcode 14.0";
			developmentRegion = en;
			hasScannedForEncodings = 0;
			knownRegions = (
				en,
				Base,
			);
			mainGroup = EA20AD742B863A5300F6D33D;
			packageReferences = (
				EA2853572BD5235300A928F3 /* XCRemoteSwiftPackageReference "Charts" */,
				EA5FDFAB2BD6DEC300B736AD /* XCRemoteSwiftPackageReference "firebase-ios-sdk" */,
			);
			productRefGroup = EA20AD7E2B863A5300F6D33D /* Products */;
			projectDirPath = "";
			projectRoot = "";
			targets = (
				EA20AD7C2B863A5300F6D33D /* HealthAssistant */,
			);
		};
/* End PBXProject section */

/* Begin PBXResourcesBuildPhase section */
		EA20AD7B2B863A5300F6D33D /* Resources */ = {
			isa = PBXResourcesBuildPhase;
			buildActionMask = 2147483647;
			files = (
				EA20AD9F2B8641EE00F6D33D /* WeightStoryboard.storyboard in Resources */,
				EA20AD8D2B863A5600F6D33D /* LaunchScreen.storyboard in Resources */,
				EA20ADA42B86467600F6D33D /* SettingsStoryboard.storyboard in Resources */,
				EA3FBDC32BAD985100D17230 /* SettingsTableViewCell.xib in Resources */,
				EAA8D1F22BB5BCB00098B015 /* SplashStoryboard.storyboard in Resources */,
				EA4B31252BD5B84D00FF1E84 /* AdviceStoryboard.storyboard in Resources */,
				EA4B31162BD56F3E00FF1E84 /* ForgotPasswordStoryboard.storyboard in Resources */,
				EA5FDFA12BD6992A00B736AD /* AdviceTableViewCell.xib in Resources */,
				EA5FDFAA2BD69D0800B736AD /* AdviceDetailStoryboard.storyboard in Resources */,
				EAC683C02BCD714C0030FC3A /* AddWeightStoryboard.storyboard in Resources */,
				EAA8D1EB2BB5B8AA0098B015 /* SignInStoryboard.storyboard in Resources */,
				EA20AD8A2B863A5600F6D33D /* Assets.xcassets in Resources */,
				EAA847802BBDD57E0059E281 /* CreateAccountStoryboard.storyboard in Resources */,
				EA5FDFB72BD6E08A00B736AD /* GoogleService-Info.plist in Resources */,
			);
			runOnlyForDeploymentPostprocessing = 0;
		};
/* End PBXResourcesBuildPhase section */

/* Begin PBXSourcesBuildPhase section */
		EA20AD792B863A5300F6D33D /* Sources */ = {
			isa = PBXSourcesBuildPhase;
			buildActionMask = 2147483647;
			files = (
				EA4B31142BD56F0B00FF1E84 /* ForgotPasswordViewController.swift in Sources */,
				EA4B31182BD5700A00FF1E84 /* ForgotPasswordPresenter.swift in Sources */,
				EA5FDFA42BD69CE300B736AD /* AdviceDetailViewController.swift in Sources */,
				EA20AD9B2B86407600F6D33D /* WeightPresenter.swift in Sources */,
				EAC683C22BCD72B50030FC3A /* AddWeightPresenter.swift in Sources */,
				EA3FBDBC2BAD8BEC00D17230 /* WhiteBorderButton.swift in Sources */,
				EA3FBDC22BAD985100D17230 /* SettingsTableViewCell.swift in Sources */,
				EA2853542BD2885600A928F3 /* RefreshTokenManager.swift in Sources */,
				EA3FBDBE2BAD927A00D17230 /* SettingsContentModel.swift in Sources */,
				EAA8D1E92BB5B80D0098B015 /* SignInPresenter.swift in Sources */,
				EA20AD992B863FBA00F6D33D /* WeightViewController.swift in Sources */,
				EAA8D1F42BB5BCDE0098B015 /* SplashPresener.swift in Sources */,
				EA4B31212BD5B5D900FF1E84 /* AdvicePresenter.swift in Sources */,
				EA4B31112BD53BA000FF1E84 /* Chart.swift in Sources */,
				EA5FDF9A2BD68B6E00B736AD /* Advice.swift in Sources */,
				EA0B322E2BC856FB00723D1E /* UIViewControllerExtension.swift in Sources */,
				EA20ADA22B8645E100F6D33D /* SettingsViewController.swift in Sources */,
				EAA847822BBDD5C20059E281 /* CreateAccountPresenter.swift in Sources */,
				EA5FDFA62BD69CEE00B736AD /* AdviceDetailPresenter.swift in Sources */,
				EA20ADA62B8646B400F6D33D /* SettingsPresenter.swift in Sources */,
				EAC683BB2BCD6B910030FC3A /* AppFileManager.swift in Sources */,
				EAC683BE2BCD70CD0030FC3A /* AddWeightViewController.swift in Sources */,
				EA20ADA82B86476900F6D33D /* SettingsModuleBuilder.swift in Sources */,
				EA5FDFB52BD6DEDC00B736AD /* FirebaseManager.swift in Sources */,
				EA4B31232BD5B70100FF1E84 /* AdviceModuleBuilder.swift in Sources */,
				EA20AD812B863A5300F6D33D /* AppDelegate.swift in Sources */,
				EAA8477E2BBDD50F0059E281 /* CreateAccountViewController.swift in Sources */,
				EA4B311D2BD5B54F00FF1E84 /* AdviceViewController.swift in Sources */,
				EA4B311A2BD5711B00FF1E84 /* ForgotPasswordModuleBuilder.swift in Sources */,
				EA5FDFA82BD69CFE00B736AD /* AdviceDetailModuleBuilder.swift in Sources */,
				EAC683C42BCD738A0030FC3A /* AddWeightModuleBuilder.swift in Sources */,
				EAA847842BBDD8A70059E281 /* CreateAccountModuleBuilder.swift in Sources */,
				EAA8D1ED2BB5B8FD0098B015 /* SignInModuleBuilder.swift in Sources */,
				EA0B32302BC857BA00723D1E /* Validator.swift in Sources */,
				EA20AD962B863E0E00F6D33D /* TabbarController.swift in Sources */,
				EAA8D1E72BB5B6810098B015 /* SignInViewController.swift in Sources */,
				EAA8D1F62BB5BDB20098B015 /* SplashModuleBuilder.swift in Sources */,
				EA2853562BD28FBA00A928F3 /* WeightModel.swift in Sources */,
				EA20AD832B863A5300F6D33D /* SceneDelegate.swift in Sources */,
				EA5FDFA02BD6992A00B736AD /* AdviceTableViewCell.swift in Sources */,
				EA0B322A2BC848E400723D1E /* AuthorizationRequest.swift in Sources */,
				EA20AD9D2B86414F00F6D33D /* WeightModuleBuilder.swift in Sources */,
				EAA8D1F02BB5BC470098B015 /* SplashViewController.swift in Sources */,
			);
			runOnlyForDeploymentPostprocessing = 0;
		};
/* End PBXSourcesBuildPhase section */

/* Begin PBXVariantGroup section */
		EA20AD8B2B863A5600F6D33D /* LaunchScreen.storyboard */ = {
			isa = PBXVariantGroup;
			children = (
				EA20AD8C2B863A5600F6D33D /* Base */,
			);
			name = LaunchScreen.storyboard;
			sourceTree = "<group>";
		};
/* End PBXVariantGroup section */

/* Begin XCBuildConfiguration section */
		EA20AD8F2B863A5600F6D33D /* Debug */ = {
			isa = XCBuildConfiguration;
			buildSettings = {
				ALWAYS_SEARCH_USER_PATHS = NO;
				CLANG_ANALYZER_NONNULL = YES;
				CLANG_ANALYZER_NUMBER_OBJECT_CONVERSION = YES_AGGRESSIVE;
				CLANG_CXX_LANGUAGE_STANDARD = "gnu++20";
				CLANG_ENABLE_MODULES = YES;
				CLANG_ENABLE_OBJC_ARC = YES;
				CLANG_ENABLE_OBJC_WEAK = YES;
				CLANG_WARN_BLOCK_CAPTURE_AUTORELEASING = YES;
				CLANG_WARN_BOOL_CONVERSION = YES;
				CLANG_WARN_COMMA = YES;
				CLANG_WARN_CONSTANT_CONVERSION = YES;
				CLANG_WARN_DEPRECATED_OBJC_IMPLEMENTATIONS = YES;
				CLANG_WARN_DIRECT_OBJC_ISA_USAGE = YES_ERROR;
				CLANG_WARN_DOCUMENTATION_COMMENTS = YES;
				CLANG_WARN_EMPTY_BODY = YES;
				CLANG_WARN_ENUM_CONVERSION = YES;
				CLANG_WARN_INFINITE_RECURSION = YES;
				CLANG_WARN_INT_CONVERSION = YES;
				CLANG_WARN_NON_LITERAL_NULL_CONVERSION = YES;
				CLANG_WARN_OBJC_IMPLICIT_RETAIN_SELF = YES;
				CLANG_WARN_OBJC_LITERAL_CONVERSION = YES;
				CLANG_WARN_OBJC_ROOT_CLASS = YES_ERROR;
				CLANG_WARN_QUOTED_INCLUDE_IN_FRAMEWORK_HEADER = YES;
				CLANG_WARN_RANGE_LOOP_ANALYSIS = YES;
				CLANG_WARN_STRICT_PROTOTYPES = YES;
				CLANG_WARN_SUSPICIOUS_MOVE = YES;
				CLANG_WARN_UNGUARDED_AVAILABILITY = YES_AGGRESSIVE;
				CLANG_WARN_UNREACHABLE_CODE = YES;
				CLANG_WARN__DUPLICATE_METHOD_MATCH = YES;
				COPY_PHASE_STRIP = NO;
				DEBUG_INFORMATION_FORMAT = dwarf;
				ENABLE_STRICT_OBJC_MSGSEND = YES;
				ENABLE_TESTABILITY = YES;
				GCC_C_LANGUAGE_STANDARD = gnu11;
				GCC_DYNAMIC_NO_PIC = NO;
				GCC_NO_COMMON_BLOCKS = YES;
				GCC_OPTIMIZATION_LEVEL = 0;
				GCC_PREPROCESSOR_DEFINITIONS = (
					"DEBUG=1",
					"$(inherited)",
				);
				GCC_WARN_64_TO_32_BIT_CONVERSION = YES;
				GCC_WARN_ABOUT_RETURN_TYPE = YES_ERROR;
				GCC_WARN_UNDECLARED_SELECTOR = YES;
				GCC_WARN_UNINITIALIZED_AUTOS = YES_AGGRESSIVE;
				GCC_WARN_UNUSED_FUNCTION = YES;
				GCC_WARN_UNUSED_VARIABLE = YES;
				IPHONEOS_DEPLOYMENT_TARGET = 16.4;
				MTL_ENABLE_DEBUG_INFO = INCLUDE_SOURCE;
				MTL_FAST_MATH = YES;
				ONLY_ACTIVE_ARCH = YES;
				SDKROOT = iphoneos;
				SWIFT_ACTIVE_COMPILATION_CONDITIONS = DEBUG;
				SWIFT_OPTIMIZATION_LEVEL = "-Onone";
			};
			name = Debug;
		};
		EA20AD902B863A5600F6D33D /* Release */ = {
			isa = XCBuildConfiguration;
			buildSettings = {
				ALWAYS_SEARCH_USER_PATHS = NO;
				CLANG_ANALYZER_NONNULL = YES;
				CLANG_ANALYZER_NUMBER_OBJECT_CONVERSION = YES_AGGRESSIVE;
				CLANG_CXX_LANGUAGE_STANDARD = "gnu++20";
				CLANG_ENABLE_MODULES = YES;
				CLANG_ENABLE_OBJC_ARC = YES;
				CLANG_ENABLE_OBJC_WEAK = YES;
				CLANG_WARN_BLOCK_CAPTURE_AUTORELEASING = YES;
				CLANG_WARN_BOOL_CONVERSION = YES;
				CLANG_WARN_COMMA = YES;
				CLANG_WARN_CONSTANT_CONVERSION = YES;
				CLANG_WARN_DEPRECATED_OBJC_IMPLEMENTATIONS = YES;
				CLANG_WARN_DIRECT_OBJC_ISA_USAGE = YES_ERROR;
				CLANG_WARN_DOCUMENTATION_COMMENTS = YES;
				CLANG_WARN_EMPTY_BODY = YES;
				CLANG_WARN_ENUM_CONVERSION = YES;
				CLANG_WARN_INFINITE_RECURSION = YES;
				CLANG_WARN_INT_CONVERSION = YES;
				CLANG_WARN_NON_LITERAL_NULL_CONVERSION = YES;
				CLANG_WARN_OBJC_IMPLICIT_RETAIN_SELF = YES;
				CLANG_WARN_OBJC_LITERAL_CONVERSION = YES;
				CLANG_WARN_OBJC_ROOT_CLASS = YES_ERROR;
				CLANG_WARN_QUOTED_INCLUDE_IN_FRAMEWORK_HEADER = YES;
				CLANG_WARN_RANGE_LOOP_ANALYSIS = YES;
				CLANG_WARN_STRICT_PROTOTYPES = YES;
				CLANG_WARN_SUSPICIOUS_MOVE = YES;
				CLANG_WARN_UNGUARDED_AVAILABILITY = YES_AGGRESSIVE;
				CLANG_WARN_UNREACHABLE_CODE = YES;
				CLANG_WARN__DUPLICATE_METHOD_MATCH = YES;
				COPY_PHASE_STRIP = NO;
				DEBUG_INFORMATION_FORMAT = "dwarf-with-dsym";
				ENABLE_NS_ASSERTIONS = NO;
				ENABLE_STRICT_OBJC_MSGSEND = YES;
				GCC_C_LANGUAGE_STANDARD = gnu11;
				GCC_NO_COMMON_BLOCKS = YES;
				GCC_WARN_64_TO_32_BIT_CONVERSION = YES;
				GCC_WARN_ABOUT_RETURN_TYPE = YES_ERROR;
				GCC_WARN_UNDECLARED_SELECTOR = YES;
				GCC_WARN_UNINITIALIZED_AUTOS = YES_AGGRESSIVE;
				GCC_WARN_UNUSED_FUNCTION = YES;
				GCC_WARN_UNUSED_VARIABLE = YES;
				IPHONEOS_DEPLOYMENT_TARGET = 16.4;
				MTL_ENABLE_DEBUG_INFO = NO;
				MTL_FAST_MATH = YES;
				SDKROOT = iphoneos;
				SWIFT_COMPILATION_MODE = wholemodule;
				SWIFT_OPTIMIZATION_LEVEL = "-O";
				VALIDATE_PRODUCT = YES;
			};
			name = Release;
		};
		EA20AD922B863A5600F6D33D /* Debug */ = {
			isa = XCBuildConfiguration;
			buildSettings = {
				ASSETCATALOG_COMPILER_APPICON_NAME = AppIcon;
				ASSETCATALOG_COMPILER_GLOBAL_ACCENT_COLOR_NAME = AccentColor;
				CODE_SIGN_STYLE = Automatic;
				CURRENT_PROJECT_VERSION = 1;
				DEVELOPMENT_TEAM = A87RVX8TPK;
				GENERATE_INFOPLIST_FILE = YES;
				INFOPLIST_FILE = HealthAssistant/Info.plist;
				INFOPLIST_KEY_UIApplicationSupportsIndirectInputEvents = YES;
				INFOPLIST_KEY_UILaunchStoryboardName = LaunchScreen;
				INFOPLIST_KEY_UISupportedInterfaceOrientations = UIInterfaceOrientationPortrait;
				INFOPLIST_KEY_UISupportedInterfaceOrientations_iPad = "UIInterfaceOrientationLandscapeLeft UIInterfaceOrientationLandscapeRight UIInterfaceOrientationPortrait UIInterfaceOrientationPortraitUpsideDown";
				IPHONEOS_DEPLOYMENT_TARGET = 14.0;
				LD_RUNPATH_SEARCH_PATHS = (
					"$(inherited)",
					"@executable_path/Frameworks",
				);
				MARKETING_VERSION = 1.0;
				PRODUCT_BUNDLE_IDENTIFIER = com.arseniy.HealthAssistant;
				PRODUCT_NAME = "$(TARGET_NAME)";
				SUPPORTED_PLATFORMS = "iphoneos iphonesimulator";
				SUPPORTS_MACCATALYST = NO;
				SUPPORTS_MAC_DESIGNED_FOR_IPHONE_IPAD = NO;
				SWIFT_EMIT_LOC_STRINGS = YES;
				SWIFT_VERSION = 5.0;
				TARGETED_DEVICE_FAMILY = 1;
			};
			name = Debug;
		};
		EA20AD932B863A5600F6D33D /* Release */ = {
			isa = XCBuildConfiguration;
			buildSettings = {
				ASSETCATALOG_COMPILER_APPICON_NAME = AppIcon;
				ASSETCATALOG_COMPILER_GLOBAL_ACCENT_COLOR_NAME = AccentColor;
				CODE_SIGN_STYLE = Automatic;
				CURRENT_PROJECT_VERSION = 1;
				DEVELOPMENT_TEAM = A87RVX8TPK;
				GENERATE_INFOPLIST_FILE = YES;
				INFOPLIST_FILE = HealthAssistant/Info.plist;
				INFOPLIST_KEY_UIApplicationSupportsIndirectInputEvents = YES;
				INFOPLIST_KEY_UILaunchStoryboardName = LaunchScreen;
				INFOPLIST_KEY_UISupportedInterfaceOrientations = UIInterfaceOrientationPortrait;
				INFOPLIST_KEY_UISupportedInterfaceOrientations_iPad = "UIInterfaceOrientationLandscapeLeft UIInterfaceOrientationLandscapeRight UIInterfaceOrientationPortrait UIInterfaceOrientationPortraitUpsideDown";
				IPHONEOS_DEPLOYMENT_TARGET = 14.0;
				LD_RUNPATH_SEARCH_PATHS = (
					"$(inherited)",
					"@executable_path/Frameworks",
				);
				MARKETING_VERSION = 1.0;
				PRODUCT_BUNDLE_IDENTIFIER = com.arseniy.HealthAssistant;
				PRODUCT_NAME = "$(TARGET_NAME)";
				SUPPORTED_PLATFORMS = "iphoneos iphonesimulator";
				SUPPORTS_MACCATALYST = NO;
				SUPPORTS_MAC_DESIGNED_FOR_IPHONE_IPAD = NO;
				SWIFT_EMIT_LOC_STRINGS = YES;
				SWIFT_VERSION = 5.0;
				TARGETED_DEVICE_FAMILY = 1;
			};
			name = Release;
		};
/* End XCBuildConfiguration section */

/* Begin XCConfigurationList section */
		EA20AD782B863A5300F6D33D /* Build configuration list for PBXProject "HealthAssistant" */ = {
			isa = XCConfigurationList;
			buildConfigurations = (
				EA20AD8F2B863A5600F6D33D /* Debug */,
				EA20AD902B863A5600F6D33D /* Release */,
			);
			defaultConfigurationIsVisible = 0;
			defaultConfigurationName = Release;
		};
		EA20AD912B863A5600F6D33D /* Build configuration list for PBXNativeTarget "HealthAssistant" */ = {
			isa = XCConfigurationList;
			buildConfigurations = (
				EA20AD922B863A5600F6D33D /* Debug */,
				EA20AD932B863A5600F6D33D /* Release */,
			);
			defaultConfigurationIsVisible = 0;
			defaultConfigurationName = Release;
		};
/* End XCConfigurationList section */

/* Begin XCRemoteSwiftPackageReference section */
		EA2853572BD5235300A928F3 /* XCRemoteSwiftPackageReference "Charts" */ = {
			isa = XCRemoteSwiftPackageReference;
			repositoryURL = "https://github.com/danielgindi/Charts.git";
			requirement = {
				kind = upToNextMajorVersion;
				minimumVersion = 5.0.0;
			};
		};
		EA5FDFAB2BD6DEC300B736AD /* XCRemoteSwiftPackageReference "firebase-ios-sdk" */ = {
			isa = XCRemoteSwiftPackageReference;
			repositoryURL = "https://github.com/firebase/firebase-ios-sdk";
			requirement = {
				kind = upToNextMajorVersion;
				minimumVersion = 10.0.0;
			};
		};
/* End XCRemoteSwiftPackageReference section */

/* Begin XCSwiftPackageProductDependency section */
		EA2853582BD5235300A928F3 /* DGCharts */ = {
			isa = XCSwiftPackageProductDependency;
			package = EA2853572BD5235300A928F3 /* XCRemoteSwiftPackageReference "Charts" */;
			productName = DGCharts;
		};
		EA5FDFAC2BD6DEC300B736AD /* FirebaseAnalytics */ = {
			isa = XCSwiftPackageProductDependency;
			package = EA5FDFAB2BD6DEC300B736AD /* XCRemoteSwiftPackageReference "firebase-ios-sdk" */;
			productName = FirebaseAnalytics;
		};
		EA5FDFAE2BD6DEC300B736AD /* FirebaseAnalyticsOnDeviceConversion */ = {
			isa = XCSwiftPackageProductDependency;
			package = EA5FDFAB2BD6DEC300B736AD /* XCRemoteSwiftPackageReference "firebase-ios-sdk" */;
			productName = FirebaseAnalyticsOnDeviceConversion;
		};
		EA5FDFB02BD6DEC300B736AD /* FirebaseAnalyticsSwift */ = {
			isa = XCSwiftPackageProductDependency;
			package = EA5FDFAB2BD6DEC300B736AD /* XCRemoteSwiftPackageReference "firebase-ios-sdk" */;
			productName = FirebaseAnalyticsSwift;
		};
		EA5FDFB22BD6DEC300B736AD /* FirebaseAnalyticsWithoutAdIdSupport */ = {
			isa = XCSwiftPackageProductDependency;
			package = EA5FDFAB2BD6DEC300B736AD /* XCRemoteSwiftPackageReference "firebase-ios-sdk" */;
			productName = FirebaseAnalyticsWithoutAdIdSupport;
		};
/* End XCSwiftPackageProductDependency section */
	};
	rootObject = EA20AD752B863A5300F6D33D /* Project object */;
}
