// !$*UTF8*$!
{
	archiveVersion = 1;
	classes = {
	};
	objectVersion = 56;
	objects = {

/* Begin PBXBuildFile section */
		EA20AD812B863A5300F6D33D /* AppDelegate.swift in Sources */ = {isa = PBXBuildFile; fileRef = EA20AD802B863A5300F6D33D /* AppDelegate.swift */; };
		EA20AD832B863A5300F6D33D /* SceneDelegate.swift in Sources */ = {isa = PBXBuildFile; fileRef = EA20AD822B863A5300F6D33D /* SceneDelegate.swift */; };
		EA20AD8A2B863A5600F6D33D /* Assets.xcassets in Resources */ = {isa = PBXBuildFile; fileRef = EA20AD892B863A5600F6D33D /* Assets.xcassets */; };
		EA20AD8D2B863A5600F6D33D /* LaunchScreen.storyboard in Resources */ = {isa = PBXBuildFile; fileRef = EA20AD8B2B863A5600F6D33D /* LaunchScreen.storyboard */; };
		EA20AD962B863E0E00F6D33D /* TabbarController.swift in Sources */ = {isa = PBXBuildFile; fileRef = EA20AD952B863E0E00F6D33D /* TabbarController.swift */; };
		EA20AD992B863FBA00F6D33D /* WeightViewController.swift in Sources */ = {isa = PBXBuildFile; fileRef = EA20AD982B863FBA00F6D33D /* WeightViewController.swift */; };
		EA20AD9B2B86407600F6D33D /* WeightPresenter.swift in Sources */ = {isa = PBXBuildFile; fileRef = EA20AD9A2B86407600F6D33D /* WeightPresenter.swift */; };
		EA20AD9D2B86414F00F6D33D /* WeightModuleBuilder.swift in Sources */ = {isa = PBXBuildFile; fileRef = EA20AD9C2B86414F00F6D33D /* WeightModuleBuilder.swift */; };
		EA20AD9F2B8641EE00F6D33D /* WeightStoryboard.storyboard in Resources */ = {isa = PBXBuildFile; fileRef = EA20AD9E2B8641EE00F6D33D /* WeightStoryboard.storyboard */; };
		EA20ADA22B8645E100F6D33D /* SettingsViewController.swift in Sources */ = {isa = PBXBuildFile; fileRef = EA20ADA12B8645E100F6D33D /* SettingsViewController.swift */; };
		EA20ADA42B86467600F6D33D /* SettingsStoryboard.storyboard in Resources */ = {isa = PBXBuildFile; fileRef = EA20ADA32B86467600F6D33D /* SettingsStoryboard.storyboard */; };
		EA20ADA62B8646B400F6D33D /* SettingsPresenter.swift in Sources */ = {isa = PBXBuildFile; fileRef = EA20ADA52B8646B400F6D33D /* SettingsPresenter.swift */; };
		EA20ADA82B86476900F6D33D /* SettingsModuleBuilder.swift in Sources */ = {isa = PBXBuildFile; fileRef = EA20ADA72B86476900F6D33D /* SettingsModuleBuilder.swift */; };
		EA3FBDBC2BAD8BEC00D17230 /* WhiteBorderButton.swift in Sources */ = {isa = PBXBuildFile; fileRef = EA3FBDBB2BAD8BEC00D17230 /* WhiteBorderButton.swift */; };
		EA3FBDBE2BAD927A00D17230 /* SettingsContentModel.swift in Sources */ = {isa = PBXBuildFile; fileRef = EA3FBDBD2BAD927A00D17230 /* SettingsContentModel.swift */; };
		EA3FBDC22BAD985100D17230 /* SettingsTableViewCell.swift in Sources */ = {isa = PBXBuildFile; fileRef = EA3FBDC02BAD985100D17230 /* SettingsTableViewCell.swift */; };
		EA3FBDC32BAD985100D17230 /* SettingsTableViewCell.xib in Resources */ = {isa = PBXBuildFile; fileRef = EA3FBDC12BAD985100D17230 /* SettingsTableViewCell.xib */; };
/* End PBXBuildFile section */

/* Begin PBXFileReference section */
		EA20AD7D2B863A5300F6D33D /* HealthAssistant.app */ = {isa = PBXFileReference; explicitFileType = wrapper.application; includeInIndex = 0; path = HealthAssistant.app; sourceTree = BUILT_PRODUCTS_DIR; };
		EA20AD802B863A5300F6D33D /* AppDelegate.swift */ = {isa = PBXFileReference; lastKnownFileType = sourcecode.swift; path = AppDelegate.swift; sourceTree = "<group>"; };
		EA20AD822B863A5300F6D33D /* SceneDelegate.swift */ = {isa = PBXFileReference; lastKnownFileType = sourcecode.swift; path = SceneDelegate.swift; sourceTree = "<group>"; };
		EA20AD892B863A5600F6D33D /* Assets.xcassets */ = {isa = PBXFileReference; lastKnownFileType = folder.assetcatalog; path = Assets.xcassets; sourceTree = "<group>"; };
		EA20AD8C2B863A5600F6D33D /* Base */ = {isa = PBXFileReference; lastKnownFileType = file.storyboard; name = Base; path = Base.lproj/LaunchScreen.storyboard; sourceTree = "<group>"; };
		EA20AD8E2B863A5600F6D33D /* Info.plist */ = {isa = PBXFileReference; lastKnownFileType = text.plist.xml; path = Info.plist; sourceTree = "<group>"; };
		EA20AD952B863E0E00F6D33D /* TabbarController.swift */ = {isa = PBXFileReference; lastKnownFileType = sourcecode.swift; path = TabbarController.swift; sourceTree = "<group>"; };
		EA20AD982B863FBA00F6D33D /* WeightViewController.swift */ = {isa = PBXFileReference; lastKnownFileType = sourcecode.swift; path = WeightViewController.swift; sourceTree = "<group>"; };
		EA20AD9A2B86407600F6D33D /* WeightPresenter.swift */ = {isa = PBXFileReference; lastKnownFileType = sourcecode.swift; path = WeightPresenter.swift; sourceTree = "<group>"; };
		EA20AD9C2B86414F00F6D33D /* WeightModuleBuilder.swift */ = {isa = PBXFileReference; lastKnownFileType = sourcecode.swift; path = WeightModuleBuilder.swift; sourceTree = "<group>"; };
		EA20AD9E2B8641EE00F6D33D /* WeightStoryboard.storyboard */ = {isa = PBXFileReference; lastKnownFileType = file.storyboard; path = WeightStoryboard.storyboard; sourceTree = "<group>"; };
		EA20ADA12B8645E100F6D33D /* SettingsViewController.swift */ = {isa = PBXFileReference; lastKnownFileType = sourcecode.swift; path = SettingsViewController.swift; sourceTree = "<group>"; };
		EA20ADA32B86467600F6D33D /* SettingsStoryboard.storyboard */ = {isa = PBXFileReference; lastKnownFileType = file.storyboard; path = SettingsStoryboard.storyboard; sourceTree = "<group>"; };
		EA20ADA52B8646B400F6D33D /* SettingsPresenter.swift */ = {isa = PBXFileReference; lastKnownFileType = sourcecode.swift; path = SettingsPresenter.swift; sourceTree = "<group>"; };
		EA20ADA72B86476900F6D33D /* SettingsModuleBuilder.swift */ = {isa = PBXFileReference; lastKnownFileType = sourcecode.swift; path = SettingsModuleBuilder.swift; sourceTree = "<group>"; };
		EA3FBDBB2BAD8BEC00D17230 /* WhiteBorderButton.swift */ = {isa = PBXFileReference; lastKnownFileType = sourcecode.swift; path = WhiteBorderButton.swift; sourceTree = "<group>"; };
		EA3FBDBD2BAD927A00D17230 /* SettingsContentModel.swift */ = {isa = PBXFileReference; lastKnownFileType = sourcecode.swift; path = SettingsContentModel.swift; sourceTree = "<group>"; };
		EA3FBDC02BAD985100D17230 /* SettingsTableViewCell.swift */ = {isa = PBXFileReference; lastKnownFileType = sourcecode.swift; path = SettingsTableViewCell.swift; sourceTree = "<group>"; };
		EA3FBDC12BAD985100D17230 /* SettingsTableViewCell.xib */ = {isa = PBXFileReference; lastKnownFileType = file.xib; path = SettingsTableViewCell.xib; sourceTree = "<group>"; };
/* End PBXFileReference section */

/* Begin PBXFrameworksBuildPhase section */
		EA20AD7A2B863A5300F6D33D /* Frameworks */ = {
			isa = PBXFrameworksBuildPhase;
			buildActionMask = 2147483647;
			files = (
			);
			runOnlyForDeploymentPostprocessing = 0;
		};
/* End PBXFrameworksBuildPhase section */

/* Begin PBXGroup section */
		EA20AD742B863A5300F6D33D = {
			isa = PBXGroup;
			children = (
				EA20AD7F2B863A5300F6D33D /* HealthAssistant */,
				EA20AD7E2B863A5300F6D33D /* Products */,
			);
			sourceTree = "<group>";
		};
		EA20AD7E2B863A5300F6D33D /* Products */ = {
			isa = PBXGroup;
			children = (
				EA20AD7D2B863A5300F6D33D /* HealthAssistant.app */,
			);
			name = Products;
			sourceTree = "<group>";
		};
		EA20AD7F2B863A5300F6D33D /* HealthAssistant */ = {
			isa = PBXGroup;
			children = (
				EA20AD802B863A5300F6D33D /* AppDelegate.swift */,
				EA20AD822B863A5300F6D33D /* SceneDelegate.swift */,
				EA3FBDBA2BAD8BC000D17230 /* UI */,
				EA20AD942B863DE500F6D33D /* Tabbar */,
				EA20ADA02B8645B400F6D33D /* Settings */,
				EA20AD972B863F5A00F6D33D /* Weight */,
				EA20AD892B863A5600F6D33D /* Assets.xcassets */,
				EA20AD8B2B863A5600F6D33D /* LaunchScreen.storyboard */,
				EA20AD8E2B863A5600F6D33D /* Info.plist */,
			);
			path = HealthAssistant;
			sourceTree = "<group>";
		};
		EA20AD942B863DE500F6D33D /* Tabbar */ = {
			isa = PBXGroup;
			children = (
				EA20AD952B863E0E00F6D33D /* TabbarController.swift */,
			);
			path = Tabbar;
			sourceTree = "<group>";
		};
		EA20AD972B863F5A00F6D33D /* Weight */ = {
			isa = PBXGroup;
			children = (
				EA20AD9C2B86414F00F6D33D /* WeightModuleBuilder.swift */,
				EA20AD9A2B86407600F6D33D /* WeightPresenter.swift */,
				EA20AD982B863FBA00F6D33D /* WeightViewController.swift */,
				EA20AD9E2B8641EE00F6D33D /* WeightStoryboard.storyboard */,
			);
			path = Weight;
			sourceTree = "<group>";
		};
		EA20ADA02B8645B400F6D33D /* Settings */ = {
			isa = PBXGroup;
			children = (
				EA20ADA72B86476900F6D33D /* SettingsModuleBuilder.swift */,
				EA3FBDBD2BAD927A00D17230 /* SettingsContentModel.swift */,
				EA20ADA52B8646B400F6D33D /* SettingsPresenter.swift */,
				EA20ADA12B8645E100F6D33D /* SettingsViewController.swift */,
				EA20ADA32B86467600F6D33D /* SettingsStoryboard.storyboard */,
				EA3FBDBF2BAD982100D17230 /* SettingsTableViewCell */,
			);
			path = Settings;
			sourceTree = "<group>";
		};
		EA3FBDBA2BAD8BC000D17230 /* UI */ = {
			isa = PBXGroup;
			children = (
				EA3FBDBB2BAD8BEC00D17230 /* WhiteBorderButton.swift */,
			);
			path = UI;
			sourceTree = "<group>";
		};
		EA3FBDBF2BAD982100D17230 /* SettingsTableViewCell */ = {
			isa = PBXGroup;
			children = (
				EA3FBDC02BAD985100D17230 /* SettingsTableViewCell.swift */,
				EA3FBDC12BAD985100D17230 /* SettingsTableViewCell.xib */,
			);
			path = SettingsTableViewCell;
			sourceTree = "<group>";
		};
/* End PBXGroup section */

/* Begin PBXNativeTarget section */
		EA20AD7C2B863A5300F6D33D /* HealthAssistant */ = {
			isa = PBXNativeTarget;
			buildConfigurationList = EA20AD912B863A5600F6D33D /* Build configuration list for PBXNativeTarget "HealthAssistant" */;
			buildPhases = (
				EA20AD792B863A5300F6D33D /* Sources */,
				EA20AD7A2B863A5300F6D33D /* Frameworks */,
				EA20AD7B2B863A5300F6D33D /* Resources */,
			);
			buildRules = (
			);
			dependencies = (
			);
			name = HealthAssistant;
			productName = HealthAssistant;
			productReference = EA20AD7D2B863A5300F6D33D /* HealthAssistant.app */;
			productType = "com.apple.product-type.application";
		};
/* End PBXNativeTarget section */

/* Begin PBXProject section */
		EA20AD752B863A5300F6D33D /* Project object */ = {
			isa = PBXProject;
			attributes = {
				BuildIndependentTargetsInParallel = 1;
				LastSwiftUpdateCheck = 1430;
				LastUpgradeCheck = 1430;
				TargetAttributes = {
					EA20AD7C2B863A5300F6D33D = {
						CreatedOnToolsVersion = 14.3;
					};
				};
			};
			buildConfigurationList = EA20AD782B863A5300F6D33D /* Build configuration list for PBXProject "HealthAssistant" */;
			compatibilityVersion = "Xcode 14.0";
			developmentRegion = en;
			hasScannedForEncodings = 0;
			knownRegions = (
				en,
				Base,
			);
			mainGroup = EA20AD742B863A5300F6D33D;
			productRefGroup = EA20AD7E2B863A5300F6D33D /* Products */;
			projectDirPath = "";
			projectRoot = "";
			targets = (
				EA20AD7C2B863A5300F6D33D /* HealthAssistant */,
			);
		};
/* End PBXProject section */

/* Begin PBXResourcesBuildPhase section */
		EA20AD7B2B863A5300F6D33D /* Resources */ = {
			isa = PBXResourcesBuildPhase;
			buildActionMask = 2147483647;
			files = (
				EA20AD9F2B8641EE00F6D33D /* WeightStoryboard.storyboard in Resources */,
				EA20AD8D2B863A5600F6D33D /* LaunchScreen.storyboard in Resources */,
				EA20ADA42B86467600F6D33D /* SettingsStoryboard.storyboard in Resources */,
				EA3FBDC32BAD985100D17230 /* SettingsTableViewCell.xib in Resources */,
				EA20AD8A2B863A5600F6D33D /* Assets.xcassets in Resources */,
			);
			runOnlyForDeploymentPostprocessing = 0;
		};
/* End PBXResourcesBuildPhase section */

/* Begin PBXSourcesBuildPhase section */
		EA20AD792B863A5300F6D33D /* Sources */ = {
			isa = PBXSourcesBuildPhase;
			buildActionMask = 2147483647;
			files = (
				EA20AD9B2B86407600F6D33D /* WeightPresenter.swift in Sources */,
				EA3FBDBC2BAD8BEC00D17230 /* WhiteBorderButton.swift in Sources */,
				EA3FBDC22BAD985100D17230 /* SettingsTableViewCell.swift in Sources */,
				EA3FBDBE2BAD927A00D17230 /* SettingsContentModel.swift in Sources */,
				EA20AD992B863FBA00F6D33D /* WeightViewController.swift in Sources */,
				EA20ADA22B8645E100F6D33D /* SettingsViewController.swift in Sources */,
				EA20ADA62B8646B400F6D33D /* SettingsPresenter.swift in Sources */,
				EA20ADA82B86476900F6D33D /* SettingsModuleBuilder.swift in Sources */,
				EA20AD812B863A5300F6D33D /* AppDelegate.swift in Sources */,
				EA20AD962B863E0E00F6D33D /* TabbarController.swift in Sources */,
				EA20AD832B863A5300F6D33D /* SceneDelegate.swift in Sources */,
				EA20AD9D2B86414F00F6D33D /* WeightModuleBuilder.swift in Sources */,
			);
			runOnlyForDeploymentPostprocessing = 0;
		};
/* End PBXSourcesBuildPhase section */

/* Begin PBXVariantGroup section */
		EA20AD8B2B863A5600F6D33D /* LaunchScreen.storyboard */ = {
			isa = PBXVariantGroup;
			children = (
				EA20AD8C2B863A5600F6D33D /* Base */,
			);
			name = LaunchScreen.storyboard;
			sourceTree = "<group>";
		};
/* End PBXVariantGroup section */

/* Begin XCBuildConfiguration section */
		EA20AD8F2B863A5600F6D33D /* Debug */ = {
			isa = XCBuildConfiguration;
			buildSettings = {
				ALWAYS_SEARCH_USER_PATHS = NO;
				CLANG_ANALYZER_NONNULL = YES;
				CLANG_ANALYZER_NUMBER_OBJECT_CONVERSION = YES_AGGRESSIVE;
				CLANG_CXX_LANGUAGE_STANDARD = "gnu++20";
				CLANG_ENABLE_MODULES = YES;
				CLANG_ENABLE_OBJC_ARC = YES;
				CLANG_ENABLE_OBJC_WEAK = YES;
				CLANG_WARN_BLOCK_CAPTURE_AUTORELEASING = YES;
				CLANG_WARN_BOOL_CONVERSION = YES;
				CLANG_WARN_COMMA = YES;
				CLANG_WARN_CONSTANT_CONVERSION = YES;
				CLANG_WARN_DEPRECATED_OBJC_IMPLEMENTATIONS = YES;
				CLANG_WARN_DIRECT_OBJC_ISA_USAGE = YES_ERROR;
				CLANG_WARN_DOCUMENTATION_COMMENTS = YES;
				CLANG_WARN_EMPTY_BODY = YES;
				CLANG_WARN_ENUM_CONVERSION = YES;
				CLANG_WARN_INFINITE_RECURSION = YES;
				CLANG_WARN_INT_CONVERSION = YES;
				CLANG_WARN_NON_LITERAL_NULL_CONVERSION = YES;
				CLANG_WARN_OBJC_IMPLICIT_RETAIN_SELF = YES;
				CLANG_WARN_OBJC_LITERAL_CONVERSION = YES;
				CLANG_WARN_OBJC_ROOT_CLASS = YES_ERROR;
				CLANG_WARN_QUOTED_INCLUDE_IN_FRAMEWORK_HEADER = YES;
				CLANG_WARN_RANGE_LOOP_ANALYSIS = YES;
				CLANG_WARN_STRICT_PROTOTYPES = YES;
				CLANG_WARN_SUSPICIOUS_MOVE = YES;
				CLANG_WARN_UNGUARDED_AVAILABILITY = YES_AGGRESSIVE;
				CLANG_WARN_UNREACHABLE_CODE = YES;
				CLANG_WARN__DUPLICATE_METHOD_MATCH = YES;
				COPY_PHASE_STRIP = NO;
				DEBUG_INFORMATION_FORMAT = dwarf;
				ENABLE_STRICT_OBJC_MSGSEND = YES;
				ENABLE_TESTABILITY = YES;
				GCC_C_LANGUAGE_STANDARD = gnu11;
				GCC_DYNAMIC_NO_PIC = NO;
				GCC_NO_COMMON_BLOCKS = YES;
				GCC_OPTIMIZATION_LEVEL = 0;
				GCC_PREPROCESSOR_DEFINITIONS = (
					"DEBUG=1",
					"$(inherited)",
				);
				GCC_WARN_64_TO_32_BIT_CONVERSION = YES;
				GCC_WARN_ABOUT_RETURN_TYPE = YES_ERROR;
				GCC_WARN_UNDECLARED_SELECTOR = YES;
				GCC_WARN_UNINITIALIZED_AUTOS = YES_AGGRESSIVE;
				GCC_WARN_UNUSED_FUNCTION = YES;
				GCC_WARN_UNUSED_VARIABLE = YES;
				IPHONEOS_DEPLOYMENT_TARGET = 16.4;
				MTL_ENABLE_DEBUG_INFO = INCLUDE_SOURCE;
				MTL_FAST_MATH = YES;
				ONLY_ACTIVE_ARCH = YES;
				SDKROOT = iphoneos;
				SWIFT_ACTIVE_COMPILATION_CONDITIONS = DEBUG;
				SWIFT_OPTIMIZATION_LEVEL = "-Onone";
			};
			name = Debug;
		};
		EA20AD902B863A5600F6D33D /* Release */ = {
			isa = XCBuildConfiguration;
			buildSettings = {
				ALWAYS_SEARCH_USER_PATHS = NO;
				CLANG_ANALYZER_NONNULL = YES;
				CLANG_ANALYZER_NUMBER_OBJECT_CONVERSION = YES_AGGRESSIVE;
				CLANG_CXX_LANGUAGE_STANDARD = "gnu++20";
				CLANG_ENABLE_MODULES = YES;
				CLANG_ENABLE_OBJC_ARC = YES;
				CLANG_ENABLE_OBJC_WEAK = YES;
				CLANG_WARN_BLOCK_CAPTURE_AUTORELEASING = YES;
				CLANG_WARN_BOOL_CONVERSION = YES;
				CLANG_WARN_COMMA = YES;
				CLANG_WARN_CONSTANT_CONVERSION = YES;
				CLANG_WARN_DEPRECATED_OBJC_IMPLEMENTATIONS = YES;
				CLANG_WARN_DIRECT_OBJC_ISA_USAGE = YES_ERROR;
				CLANG_WARN_DOCUMENTATION_COMMENTS = YES;
				CLANG_WARN_EMPTY_BODY = YES;
				CLANG_WARN_ENUM_CONVERSION = YES;
				CLANG_WARN_INFINITE_RECURSION = YES;
				CLANG_WARN_INT_CONVERSION = YES;
				CLANG_WARN_NON_LITERAL_NULL_CONVERSION = YES;
				CLANG_WARN_OBJC_IMPLICIT_RETAIN_SELF = YES;
				CLANG_WARN_OBJC_LITERAL_CONVERSION = YES;
				CLANG_WARN_OBJC_ROOT_CLASS = YES_ERROR;
				CLANG_WARN_QUOTED_INCLUDE_IN_FRAMEWORK_HEADER = YES;
				CLANG_WARN_RANGE_LOOP_ANALYSIS = YES;
				CLANG_WARN_STRICT_PROTOTYPES = YES;
				CLANG_WARN_SUSPICIOUS_MOVE = YES;
				CLANG_WARN_UNGUARDED_AVAILABILITY = YES_AGGRESSIVE;
				CLANG_WARN_UNREACHABLE_CODE = YES;
				CLANG_WARN__DUPLICATE_METHOD_MATCH = YES;
				COPY_PHASE_STRIP = NO;
				DEBUG_INFORMATION_FORMAT = "dwarf-with-dsym";
				ENABLE_NS_ASSERTIONS = NO;
				ENABLE_STRICT_OBJC_MSGSEND = YES;
				GCC_C_LANGUAGE_STANDARD = gnu11;
				GCC_NO_COMMON_BLOCKS = YES;
				GCC_WARN_64_TO_32_BIT_CONVERSION = YES;
				GCC_WARN_ABOUT_RETURN_TYPE = YES_ERROR;
				GCC_WARN_UNDECLARED_SELECTOR = YES;
				GCC_WARN_UNINITIALIZED_AUTOS = YES_AGGRESSIVE;
				GCC_WARN_UNUSED_FUNCTION = YES;
				GCC_WARN_UNUSED_VARIABLE = YES;
				IPHONEOS_DEPLOYMENT_TARGET = 16.4;
				MTL_ENABLE_DEBUG_INFO = NO;
				MTL_FAST_MATH = YES;
				SDKROOT = iphoneos;
				SWIFT_COMPILATION_MODE = wholemodule;
				SWIFT_OPTIMIZATION_LEVEL = "-O";
				VALIDATE_PRODUCT = YES;
			};
			name = Release;
		};
		EA20AD922B863A5600F6D33D /* Debug */ = {
			isa = XCBuildConfiguration;
			buildSettings = {
				ASSETCATALOG_COMPILER_APPICON_NAME = AppIcon;
				ASSETCATALOG_COMPILER_GLOBAL_ACCENT_COLOR_NAME = AccentColor;
				CODE_SIGN_STYLE = Automatic;
				CURRENT_PROJECT_VERSION = 1;
				DEVELOPMENT_TEAM = A87RVX8TPK;
				GENERATE_INFOPLIST_FILE = YES;
				INFOPLIST_FILE = HealthAssistant/Info.plist;
				INFOPLIST_KEY_UIApplicationSupportsIndirectInputEvents = YES;
				INFOPLIST_KEY_UILaunchStoryboardName = LaunchScreen;
				INFOPLIST_KEY_UISupportedInterfaceOrientations = UIInterfaceOrientationPortrait;
				INFOPLIST_KEY_UISupportedInterfaceOrientations_iPad = "UIInterfaceOrientationLandscapeLeft UIInterfaceOrientationLandscapeRight UIInterfaceOrientationPortrait UIInterfaceOrientationPortraitUpsideDown";
				IPHONEOS_DEPLOYMENT_TARGET = 14.0;
				LD_RUNPATH_SEARCH_PATHS = (
					"$(inherited)",
					"@executable_path/Frameworks",
				);
				MARKETING_VERSION = 1.0;
				PRODUCT_BUNDLE_IDENTIFIER = com.arseniy.HealthAssistant;
				PRODUCT_NAME = "$(TARGET_NAME)";
				SUPPORTED_PLATFORMS = "iphoneos iphonesimulator";
				SUPPORTS_MACCATALYST = NO;
				SUPPORTS_MAC_DESIGNED_FOR_IPHONE_IPAD = NO;
				SWIFT_EMIT_LOC_STRINGS = YES;
				SWIFT_VERSION = 5.0;
				TARGETED_DEVICE_FAMILY = 1;
			};
			name = Debug;
		};
		EA20AD932B863A5600F6D33D /* Release */ = {
			isa = XCBuildConfiguration;
			buildSettings = {
				ASSETCATALOG_COMPILER_APPICON_NAME = AppIcon;
				ASSETCATALOG_COMPILER_GLOBAL_ACCENT_COLOR_NAME = AccentColor;
				CODE_SIGN_STYLE = Automatic;
				CURRENT_PROJECT_VERSION = 1;
				DEVELOPMENT_TEAM = A87RVX8TPK;
				GENERATE_INFOPLIST_FILE = YES;
				INFOPLIST_FILE = HealthAssistant/Info.plist;
				INFOPLIST_KEY_UIApplicationSupportsIndirectInputEvents = YES;
				INFOPLIST_KEY_UILaunchStoryboardName = LaunchScreen;
				INFOPLIST_KEY_UISupportedInterfaceOrientations = UIInterfaceOrientationPortrait;
				INFOPLIST_KEY_UISupportedInterfaceOrientations_iPad = "UIInterfaceOrientationLandscapeLeft UIInterfaceOrientationLandscapeRight UIInterfaceOrientationPortrait UIInterfaceOrientationPortraitUpsideDown";
				IPHONEOS_DEPLOYMENT_TARGET = 14.0;
				LD_RUNPATH_SEARCH_PATHS = (
					"$(inherited)",
					"@executable_path/Frameworks",
				);
				MARKETING_VERSION = 1.0;
				PRODUCT_BUNDLE_IDENTIFIER = com.arseniy.HealthAssistant;
				PRODUCT_NAME = "$(TARGET_NAME)";
				SUPPORTED_PLATFORMS = "iphoneos iphonesimulator";
				SUPPORTS_MACCATALYST = NO;
				SUPPORTS_MAC_DESIGNED_FOR_IPHONE_IPAD = NO;
				SWIFT_EMIT_LOC_STRINGS = YES;
				SWIFT_VERSION = 5.0;
				TARGETED_DEVICE_FAMILY = 1;
			};
			name = Release;
		};
/* End XCBuildConfiguration section */

/* Begin XCConfigurationList section */
		EA20AD782B863A5300F6D33D /* Build configuration list for PBXProject "HealthAssistant" */ = {
			isa = XCConfigurationList;
			buildConfigurations = (
				EA20AD8F2B863A5600F6D33D /* Debug */,
				EA20AD902B863A5600F6D33D /* Release */,
			);
			defaultConfigurationIsVisible = 0;
			defaultConfigurationName = Release;
		};
		EA20AD912B863A5600F6D33D /* Build configuration list for PBXNativeTarget "HealthAssistant" */ = {
			isa = XCConfigurationList;
			buildConfigurations = (
				EA20AD922B863A5600F6D33D /* Debug */,
				EA20AD932B863A5600F6D33D /* Release */,
			);
			defaultConfigurationIsVisible = 0;
			defaultConfigurationName = Release;
		};
/* End XCConfigurationList section */
	};
	rootObject = EA20AD752B863A5300F6D33D /* Project object */;
}
